
Microsoft Visual Studio Solution File, Format Version 11.00
# Visual Studio 2010
Project("{FAE04EC0-301F-11D3-BF4B-00C04F79EFBC}") = "SistemaContable", "SistemaContable\SistemaContable.csproj", "{DC59A6A2-AB8B-478D-9AEE-437A781DB091}"
EndProject
Project("{FAE04EC0-301F-11D3-BF4B-00C04F79EFBC}") = "ClienteBancoCentral", "..\ClienteBancoCentral\ClienteBancoCentral\ClienteBancoCentral.csproj", "{70EF9BD9-AA5D-4F8D-8161-481640277030}"
EndProject
Project("{FAE04EC0-301F-11D3-BF4B-00C04F79EFBC}") = "BibliotecasComunes", "..\BibliotecaComun\BibliotecasComunes.csproj", "{7B7DB48C-D51B-48F7-B035-D52719FF398A}"
EndProject
Global
	GlobalSection(SolutionConfigurationPlatforms) = preSolution
		Debug|Any CPU = Debug|Any CPU
		Debug|Mixed Platforms = Debug|Mixed Platforms
		Debug|x86 = Debug|x86
		Release|Any CPU = Release|Any CPU
		Release|Mixed Platforms = Release|Mixed Platforms
		Release|x86 = Release|x86
	EndGlobalSection
	GlobalSection(ProjectConfigurationPlatforms) = postSolution
		{DC59A6A2-AB8B-478D-9AEE-437A781DB091}.Debug|Any CPU.ActiveCfg = Debug|x86
		{DC59A6A2-AB8B-478D-9AEE-437A781DB091}.Debug|Mixed Platforms.ActiveCfg = Debug|x86
		{DC59A6A2-AB8B-478D-9AEE-437A781DB091}.Debug|Mixed Platforms.Build.0 = Debug|x86
		{DC59A6A2-AB8B-478D-9AEE-437A781DB091}.Debug|x86.ActiveCfg = Debug|x86
		{DC59A6A2-AB8B-478D-9AEE-437A781DB091}.Debug|x86.Build.0 = Debug|x86
		{DC59A6A2-AB8B-478D-9AEE-437A781DB091}.Release|Any CPU.ActiveCfg = Release|x86
		{DC59A6A2-AB8B-478D-9AEE-437A781DB091}.Release|Mixed Platforms.ActiveCfg = Release|x86
		{DC59A6A2-AB8B-478D-9AEE-437A781DB091}.Release|Mixed Platforms.Build.0 = Release|x86
		{DC59A6A2-AB8B-478D-9AEE-437A781DB091}.Release|x86.ActiveCfg = Release|x86
		{DC59A6A2-AB8B-478D-9AEE-437A781DB091}.Release|x86.Build.0 = Release|x86
		{70EF9BD9-AA5D-4F8D-8161-481640277030}.Debug|Any CPU.ActiveCfg = Debug|Any CPU
		{70EF9BD9-AA5D-4F8D-8161-481640277030}.Debug|Any CPU.Build.0 = Debug|Any CPU
		{70EF9BD9-AA5D-4F8D-8161-481640277030}.Debug|Mixed Platforms.ActiveCfg = Debug|Any CPU
		{70EF9BD9-AA5D-4F8D-8161-481640277030}.Debug|Mixed Platforms.Build.0 = Debug|Any CPU
		{70EF9BD9-AA5D-4F8D-8161-481640277030}.Debug|x86.ActiveCfg = Debug|Any CPU
		{70EF9BD9-AA5D-4F8D-8161-481640277030}.Release|Any CPU.ActiveCfg = Release|Any CPU
		{70EF9BD9-AA5D-4F8D-8161-481640277030}.Release|Any CPU.Build.0 = Release|Any CPU
		{70EF9BD9-AA5D-4F8D-8161-481640277030}.Release|Mixed Platforms.ActiveCfg = Release|Any CPU
		{70EF9BD9-AA5D-4F8D-8161-481640277030}.Release|Mixed Platforms.Build.0 = Release|Any CPU
		{70EF9BD9-AA5D-4F8D-8161-481640277030}.Release|x86.ActiveCfg = Release|Any CPU
		{7B7DB48C-D51B-48F7-B035-D52719FF398A}.Debug|Any CPU.ActiveCfg = Debug|Any CPU
		{7B7DB48C-D51B-48F7-B035-D52719FF398A}.Debug|Any CPU.Build.0 = Debug|Any CPU
		{7B7DB48C-D51B-48F7-B035-D52719FF398A}.Debug|Mixed Platforms.ActiveCfg = Debug|Any CPU
		{7B7DB48C-D51B-48F7-B035-D52719FF398A}.Debug|Mixed Platforms.Build.0 = Debug|Any CPU
		{7B7DB48C-D51B-48F7-B035-D52719FF398A}.Debug|x86.ActiveCfg = Debug|Any CPU
		{7B7DB48C-D51B-48F7-B035-D52719FF398A}.Release|Any CPU.ActiveCfg = Release|Any CPU
		{7B7DB48C-D51B-48F7-B035-D52719FF398A}.Release|Any CPU.Build.0 = Release|Any CPU
		{7B7DB48C-D51B-48F7-B035-D52719FF398A}.Release|Mixed Platforms.ActiveCfg = Release|Any CPU
		{7B7DB48C-D51B-48F7-B035-D52719FF398A}.Release|Mixed Platforms.Build.0 = Release|Any CPU
		{7B7DB48C-D51B-48F7-B035-D52719FF398A}.Release|x86.ActiveCfg = Release|Any CPU
	EndGlobalSection
	GlobalSection(SolutionProperties) = preSolution
		HideSolutionNode = FALSE
	EndGlobalSection
EndGlobal
